{
  "version": 4,
  "terraform_version": "1.6.4",
  "serial": 17,
  "lineage": "b7696aec-683b-8b04-02e1-6428d971198a",
  "outputs": {},
  "resources": [
    {
      "mode": "data",
      "type": "google_firebase_web_app_config",
      "name": "example",
      "provider": "provider[\"registry.terraform.io/hashicorp/google-beta\"]",
      "instances": [
        {
          "schema_version": 0,
          "attributes": {
            "api_key": "AIzaSyAo7M1OyumVZZgyAZTuEB2n7OF8eF3nmO8",
            "auth_domain": "rolling-stage.firebaseapp.com",
            "database_url": "",
            "id": "1:990740787076:web:3d163192407be55a64f7d1",
            "location_id": "",
            "measurement_id": "",
            "messaging_sender_id": "990740787076",
            "project": "rolling-stage",
            "storage_bucket": "rolling-stage.firebasestorage.app",
            "web_app_id": "1:990740787076:web:3d163192407be55a64f7d1"
          },
          "sensitive_attributes": []
        }
      ]
    },
    {
      "mode": "data",
      "type": "google_project",
      "name": "project",
      "provider": "provider[\"registry.terraform.io/hashicorp/google-beta\"]",
      "instances": [
        {
          "schema_version": 0,
          "attributes": {
            "auto_create_network": null,
            "billing_account": null,
            "deletion_policy": "DELETE",
            "effective_labels": {
              "firebase": "enabled"
            },
            "folder_id": null,
            "id": "projects/rolling-stage",
            "labels": {
              "firebase": "enabled"
            },
            "name": "Rolling Stage",
            "number": "990740787076",
            "org_id": null,
            "project_id": "rolling-stage",
            "skip_delete": null,
            "terraform_labels": {
              "firebase": "enabled"
            }
          },
          "sensitive_attributes": []
        }
      ]
    },
    {
      "mode": "managed",
      "type": "google_apikeys_key",
      "name": "generativelanguage",
      "provider": "provider[\"registry.terraform.io/hashicorp/google-beta\"]",
      "instances": [
        {
          "schema_version": 0,
          "attributes": {
            "display_name": "Gemini API Key",
            "id": "projects/rolling-stage/locations/global/keys/gemini-api-key",
            "key_string": "AIzaSyDeiZWzgK1jc-5K9zOwaBKxsCb8cd7rOK0",
            "name": "gemini-api-key",
            "project": "rolling-stage",
            "restrictions": [
              {
                "android_key_restrictions": [],
                "api_targets": [
                  {
                    "methods": [],
                    "service": "generativelanguage.googleapis.com"
                  }
                ],
                "browser_key_restrictions": [
                  {
                    "allowed_referrers": [
                      "*"
                    ]
                  }
                ],
                "ios_key_restrictions": [],
                "server_key_restrictions": []
              }
            ],
            "timeouts": null,
            "uid": "11278570-8df2-4909-9ca9-2cf288f2c5f3"
          },
          "sensitive_attributes": [],
          "private": "eyJlMmJmYjczMC1lY2FhLTExZTYtOGY4OC0zNDM2M2JjN2M0YzAiOnsiY3JlYXRlIjoxMjAwMDAwMDAwMDAwLCJkZWxldGUiOjEyMDAwMDAwMDAwMDAsInVwZGF0ZSI6MTIwMDAwMDAwMDAwMH19",
          "dependencies": [
            "google_project_service.services"
          ]
        }
      ]
    },
    {
      "mode": "managed",
      "type": "google_firebase_web_app",
      "name": "example",
      "provider": "provider[\"registry.terraform.io/hashicorp/google-beta\"]",
      "instances": [
        {
          "schema_version": 0,
          "attributes": {
            "api_key_id": "704b05d1-4c7e-432d-877a-58943975a5c8",
            "app_id": "1:990740787076:web:3d163192407be55a64f7d1",
            "app_urls": [],
            "deletion_policy": "DELETE",
            "display_name": "Make It So AI!",
            "id": "projects/rolling-stage/webApps/1:990740787076:web:3d163192407be55a64f7d1",
            "name": "projects/rolling-stage/webApps/1:990740787076:web:3d163192407be55a64f7d1",
            "project": "rolling-stage",
            "timeouts": null
          },
          "sensitive_attributes": [],
          "private": "eyJlMmJmYjczMC1lY2FhLTExZTYtOGY4OC0zNDM2M2JjN2M0YzAiOnsiY3JlYXRlIjoxMjAwMDAwMDAwMDAwLCJkZWxldGUiOjEyMDAwMDAwMDAwMDAsInVwZGF0ZSI6MTIwMDAwMDAwMDAwMH19"
        }
      ]
    },
    {
      "mode": "managed",
      "type": "google_firebaserules_release",
      "name": "firestore",
      "provider": "provider[\"registry.terraform.io/hashicorp/google-beta\"]",
      "instances": [
        {
          "schema_version": 0,
          "attributes": {
            "create_time": "2024-11-26T18:10:27.688850Z",
            "disabled": false,
            "id": "projects/rolling-stage/releases/cloud.firestore",
            "name": "cloud.firestore",
            "project": "rolling-stage",
            "ruleset_name": "d3b5767e-6705-4549-8272-46a26822af72",
            "timeouts": null,
            "update_time": "2024-11-26T18:10:27.688850Z"
          },
          "sensitive_attributes": [],
          "private": "eyJlMmJmYjczMC1lY2FhLTExZTYtOGY4OC0zNDM2M2JjN2M0YzAiOnsiY3JlYXRlIjoxMjAwMDAwMDAwMDAwLCJkZWxldGUiOjEyMDAwMDAwMDAwMDB9fQ==",
          "dependencies": [
            "google_firebaserules_ruleset.firestore",
            "google_firestore_database.database",
            "google_project_service.services",
            "local_file.firestore_rules"
          ]
        }
      ]
    },
    {
      "mode": "managed",
      "type": "google_firebaserules_ruleset",
      "name": "firestore",
      "provider": "provider[\"registry.terraform.io/hashicorp/google-beta\"]",
      "instances": [
        {
          "schema_version": 0,
          "attributes": {
            "create_time": "2024-11-26T18:10:26.290117Z",
            "id": "projects/rolling-stage/rulesets/d3b5767e-6705-4549-8272-46a26822af72",
            "metadata": [
              {
                "services": [
                  "cloud.firestore"
                ]
              }
            ],
            "name": "d3b5767e-6705-4549-8272-46a26822af72",
            "project": "rolling-stage",
            "source": [
              {
                "files": [
                  {
                    "content": "service cloud.firestore {\n  match /databases/{database}/documents/{document=**} {\n    allow read, write: if request.auth != null \u0026\u0026 request.time \u003c timestamp.date(2024, 12, 26);\n  }\n}\n",
                    "fingerprint": "",
                    "name": "firestore.rules"
                  }
                ],
                "language": ""
              }
            ],
            "timeouts": null
          },
          "sensitive_attributes": [],
          "private": "eyJlMmJmYjczMC1lY2FhLTExZTYtOGY4OC0zNDM2M2JjN2M0YzAiOnsiY3JlYXRlIjoxMjAwMDAwMDAwMDAwLCJkZWxldGUiOjEyMDAwMDAwMDAwMDB9fQ==",
          "dependencies": [
            "google_firestore_database.database",
            "google_project_service.services",
            "local_file.firestore_rules"
          ]
        }
      ]
    },
    {
      "mode": "managed",
      "type": "google_firestore_database",
      "name": "database",
      "provider": "provider[\"registry.terraform.io/hashicorp/google-beta\"]",
      "instances": [
        {
          "schema_version": 0,
          "attributes": {
            "app_engine_integration_mode": "DISABLED",
            "cmek_config": [],
            "concurrency_mode": "PESSIMISTIC",
            "create_time": "",
            "delete_protection_state": "DELETE_PROTECTION_DISABLED",
            "deletion_policy": "ABANDON",
            "earliest_version_time": "2024-11-26T18:10:14.975493Z",
            "etag": "INGvp6PM+okDMIXgsJbM+okD",
            "id": "projects/rolling-stage/databases/(default)",
            "key_prefix": "",
            "location_id": "nam5",
            "name": "(default)",
            "point_in_time_recovery_enablement": "POINT_IN_TIME_RECOVERY_DISABLED",
            "project": "rolling-stage",
            "timeouts": null,
            "type": "FIRESTORE_NATIVE",
            "uid": "c2f1a31e-7984-4876-990f-cfe139bdb2da",
            "update_time": "",
            "version_retention_period": "3600s"
          },
          "sensitive_attributes": [],
          "private": "eyJlMmJmYjczMC1lY2FhLTExZTYtOGY4OC0zNDM2M2JjN2M0YzAiOnsiY3JlYXRlIjoxMjAwMDAwMDAwMDAwLCJkZWxldGUiOjEyMDAwMDAwMDAwMDAsInVwZGF0ZSI6MTIwMDAwMDAwMDAwMH19",
          "dependencies": [
            "google_project_service.services"
          ]
        }
      ]
    },
    {
      "mode": "managed",
      "type": "google_project_service",
      "name": "services",
      "provider": "provider[\"registry.terraform.io/hashicorp/google-beta\"]",
      "instances": [
        {
          "index_key": "apikeys.googleapis.com",
          "schema_version": 0,
          "attributes": {
            "check_if_service_has_usage_on_destroy": false,
            "disable_dependent_services": null,
            "disable_on_destroy": false,
            "id": "rolling-stage/apikeys.googleapis.com",
            "project": "rolling-stage",
            "service": "apikeys.googleapis.com",
            "timeouts": null
          },
          "sensitive_attributes": [],
          "private": "eyJlMmJmYjczMC1lY2FhLTExZTYtOGY4OC0zNDM2M2JjN2M0YzAiOnsiY3JlYXRlIjoxMjAwMDAwMDAwMDAwLCJkZWxldGUiOjEyMDAwMDAwMDAwMDAsInJlYWQiOjYwMDAwMDAwMDAwMCwidXBkYXRlIjoxMjAwMDAwMDAwMDAwfX0="
        },
        {
          "index_key": "firebaserules.googleapis.com",
          "schema_version": 0,
          "attributes": {
            "check_if_service_has_usage_on_destroy": false,
            "disable_dependent_services": null,
            "disable_on_destroy": false,
            "id": "rolling-stage/firebaserules.googleapis.com",
            "project": "rolling-stage",
            "service": "firebaserules.googleapis.com",
            "timeouts": null
          },
          "sensitive_attributes": [],
          "private": "eyJlMmJmYjczMC1lY2FhLTExZTYtOGY4OC0zNDM2M2JjN2M0YzAiOnsiY3JlYXRlIjoxMjAwMDAwMDAwMDAwLCJkZWxldGUiOjEyMDAwMDAwMDAwMDAsInJlYWQiOjYwMDAwMDAwMDAwMCwidXBkYXRlIjoxMjAwMDAwMDAwMDAwfX0="
        },
        {
          "index_key": "firestore.googleapis.com",
          "schema_version": 0,
          "attributes": {
            "check_if_service_has_usage_on_destroy": false,
            "disable_dependent_services": null,
            "disable_on_destroy": false,
            "id": "rolling-stage/firestore.googleapis.com",
            "project": "rolling-stage",
            "service": "firestore.googleapis.com",
            "timeouts": null
          },
          "sensitive_attributes": [],
          "private": "eyJlMmJmYjczMC1lY2FhLTExZTYtOGY4OC0zNDM2M2JjN2M0YzAiOnsiY3JlYXRlIjoxMjAwMDAwMDAwMDAwLCJkZWxldGUiOjEyMDAwMDAwMDAwMDAsInJlYWQiOjYwMDAwMDAwMDAwMCwidXBkYXRlIjoxMjAwMDAwMDAwMDAwfX0="
        },
        {
          "index_key": "generativelanguage.googleapis.com",
          "schema_version": 0,
          "attributes": {
            "check_if_service_has_usage_on_destroy": false,
            "disable_dependent_services": null,
            "disable_on_destroy": false,
            "id": "rolling-stage/generativelanguage.googleapis.com",
            "project": "rolling-stage",
            "service": "generativelanguage.googleapis.com",
            "timeouts": null
          },
          "sensitive_attributes": [],
          "private": "eyJlMmJmYjczMC1lY2FhLTExZTYtOGY4OC0zNDM2M2JjN2M0YzAiOnsiY3JlYXRlIjoxMjAwMDAwMDAwMDAwLCJkZWxldGUiOjEyMDAwMDAwMDAwMDAsInJlYWQiOjYwMDAwMDAwMDAwMCwidXBkYXRlIjoxMjAwMDAwMDAwMDAwfX0="
        },
        {
          "index_key": "serviceusage.googleapis.com",
          "schema_version": 0,
          "attributes": {
            "check_if_service_has_usage_on_destroy": false,
            "disable_dependent_services": null,
            "disable_on_destroy": false,
            "id": "rolling-stage/serviceusage.googleapis.com",
            "project": "rolling-stage",
            "service": "serviceusage.googleapis.com",
            "timeouts": null
          },
          "sensitive_attributes": [],
          "private": "eyJlMmJmYjczMC1lY2FhLTExZTYtOGY4OC0zNDM2M2JjN2M0YzAiOnsiY3JlYXRlIjoxMjAwMDAwMDAwMDAwLCJkZWxldGUiOjEyMDAwMDAwMDAwMDAsInJlYWQiOjYwMDAwMDAwMDAwMCwidXBkYXRlIjoxMjAwMDAwMDAwMDAwfX0="
        }
      ]
    },
    {
      "mode": "managed",
      "type": "google_service_usage_consumer_quota_override",
      "name": "generativelanguage",
      "provider": "provider[\"registry.terraform.io/hashicorp/google-beta\"]",
      "instances": [
        {
          "schema_version": 0,
          "attributes": {
            "dimensions": {},
            "force": true,
            "id": "projects/rolling-stage/services/generativelanguage.googleapis.com/consumerQuotaMetrics/generativelanguage.googleapis.com%2Fgenerate_requests_per_model/limits/%2Fmin%2Fmodel%2Fproject/consumerOverrides/Cg1RdW90YU92ZXJyaWRl",
            "limit": "%2Fmin%2Fmodel%2Fproject",
            "metric": "generativelanguage.googleapis.com%2Fgenerate_requests_per_model",
            "name": "Cg1RdW90YU92ZXJyaWRl",
            "override_value": "10",
            "project": "rolling-stage",
            "service": "generativelanguage.googleapis.com",
            "timeouts": null
          },
          "sensitive_attributes": [],
          "private": "eyJlMmJmYjczMC1lY2FhLTExZTYtOGY4OC0zNDM2M2JjN2M0YzAiOnsiY3JlYXRlIjoxMjAwMDAwMDAwMDAwLCJkZWxldGUiOjEyMDAwMDAwMDAwMDAsInVwZGF0ZSI6MTIwMDAwMDAwMDAwMH19",
          "dependencies": [
            "google_project_service.services"
          ]
        }
      ]
    },
    {
      "mode": "managed",
      "type": "local_file",
      "name": "environment_ts",
      "provider": "provider[\"registry.terraform.io/hashicorp/local\"]",
      "instances": [
        {
          "schema_version": 0,
          "attributes": {
            "content": "export const environment = {\n  firebase: {\n      apiKey: 'AIzaSyAo7M1OyumVZZgyAZTuEB2n7OF8eF3nmO8',\n      authDomain: 'rolling-stage.firebaseapp.com',\n      databaseURL: '',\n      projectId: 'rolling-stage',\n      storageBucket: 'rolling-stage.firebasestorage.app',\n      messagingSenderId: '990740787076',\n      appId: '1:990740787076:web:3d163192407be55a64f7d1',\n      measurementId: '',\n  },\n  gemini_api_key: 'AIzaSyDeiZWzgK1jc-5K9zOwaBKxsCb8cd7rOK0',\n  debug_token: ''\n};",
            "content_base64": null,
            "content_base64sha256": "HOaEcYpigptAaFlh2NqPTfxterH3IrUWvqUZABJa6Cw=",
            "content_base64sha512": "3rqptJ362S7SgXVmlVcmHY1imapMSBRdOCNGEHlkwOIHqz2EW1jSQ2dNWu5PcZDBOTVZjdj+GCcVLWV+ye/5Bw==",
            "content_md5": "3d69c418dd6fc327b009dff5cff381e4",
            "content_sha1": "9ff5ce057cdf047422c1572cbbafc6fec3cd2097",
            "content_sha256": "1ce684718a62829b40685961d8da8f4dfc6d7ab1f722b516bea51900125ae82c",
            "content_sha512": "debaa9b49dfad92ed28175669557261d8d6299aa4c48145d382346107964c0e207ab3d845b58d243674d5aee4f7190c13935598dd8fe1827152d657ec9eff907",
            "directory_permission": "0777",
            "file_permission": "0777",
            "filename": "./src/environments/environments.ts",
            "id": "9ff5ce057cdf047422c1572cbbafc6fec3cd2097",
            "sensitive_content": null,
            "source": null
          },
          "sensitive_attributes": [
            [
              {
                "type": "get_attr",
                "value": "content"
              }
            ]
          ],
          "dependencies": [
            "data.google_firebase_web_app_config.example",
            "data.google_project.project",
            "google_apikeys_key.generativelanguage",
            "google_firebase_web_app.example",
            "google_project_service.services"
          ]
        }
      ]
    },
    {
      "mode": "managed",
      "type": "local_file",
      "name": "firebaserc",
      "provider": "provider[\"registry.terraform.io/hashicorp/local\"]",
      "instances": [
        {
          "schema_version": 0,
          "attributes": {
            "content": "{\"projects\":{\"default\":\"rolling-stage\"}}",
            "content_base64": null,
            "content_base64sha256": "ED9t8uDKSdduewUaAfsf8JaBfTcaqXj5Y46sQgcwXI8=",
            "content_base64sha512": "BdP7YBBUX+RVi+33DHRoS8We3ne7/xPVTSZJJ7+O0RT8VAxOUOybQEy308w8cmOdwfHUGRCE/BlyCvyD9jXGWA==",
            "content_md5": "c2d35d9e41434f7f98f64933ba5afb69",
            "content_sha1": "811478d5b6faa9b45a60b95a14b75c3b550e13de",
            "content_sha256": "103f6df2e0ca49d76e7b051a01fb1ff096817d371aa978f9638eac4207305c8f",
            "content_sha512": "05d3fb6010545fe4558bedf70c74684bc59ede77bbff13d54d264927bf8ed114fc540c4e50ec9b404cb7d3cc3c72639dc1f1d4191084fc19720afc83f635c658",
            "directory_permission": "0777",
            "file_permission": "0777",
            "filename": "./.firebaserc",
            "id": "811478d5b6faa9b45a60b95a14b75c3b550e13de",
            "sensitive_content": null,
            "source": null
          },
          "sensitive_attributes": []
        }
      ]
    },
    {
      "mode": "managed",
      "type": "local_file",
      "name": "firestore_rules",
      "provider": "provider[\"registry.terraform.io/hashicorp/local\"]",
      "instances": [
        {
          "schema_version": 0,
          "attributes": {
            "content": "service cloud.firestore {\n  match /databases/{database}/documents/{document=**} {\n    allow read, write: if request.auth != null \u0026\u0026 request.time \u003c timestamp.date(2024, 12, 26);\n  }\n}\n",
            "content_base64": null,
            "content_base64sha256": "nIpoYwPf2BXxl9Rt5DbXITsTB6XFW/k10PPb2VIKCmI=",
            "content_base64sha512": "By3HeH6aT/++cc7ZUz8VInx3QfD2iG3CvwH1OOUFBOUZC+YHUOfzpSYV9WtQjMmMu0ys8U4ORZ3MLoxbZQlnKw==",
            "content_md5": "f0924f4d5e46013c17fc1706b1d8e0e8",
            "content_sha1": "3c20a0a20a1929f717c9f45b2b6c5a0c00f13d9b",
            "content_sha256": "9c8a686303dfd815f197d46de436d7213b1307a5c55bf935d0f3dbd9520a0a62",
            "content_sha512": "072dc7787e9a4fffbe71ced9533f15227c7741f0f6886dc2bf01f538e50504e5190be60750e7f3a52615f56b508cc98cbb4cacf14e0e459dcc2e8c5b6509672b",
            "directory_permission": "0777",
            "file_permission": "0777",
            "filename": "./firestore.rules",
            "id": "3c20a0a20a1929f717c9f45b2b6c5a0c00f13d9b",
            "sensitive_content": null,
            "source": null
          },
          "sensitive_attributes": []
        }
      ]
    }
  ],
  "check_results": null
}
